
Microsoft Visual Studio Solution File, Format Version 12.00
# Visual Studio Version 16
VisualStudioVersion = 16.0.29411.138
MinimumVisualStudioVersion = 10.0.40219.1
Project("{9A19103F-16F7-4668-BE54-9A1E7A4F7556}") = "PersonalWebSite.Front", "PersonalWebSite.Front\PersonalWebSite.Front.csproj", "{774DB8E0-7A47-459C-B054-04DF75AB136F}"
EndProject
Global
	GlobalSection(SolutionConfigurationPlatforms) = preSolution
		Debug|Any CPU = Debug|Any CPU
		Release|Any CPU = Release|Any CPU
	EndGlobalSection
	GlobalSection(ProjectConfigurationPlatforms) = postSolution
		{774DB8E0-7A47-459C-B054-04DF75AB136F}.Debug|Any CPU.ActiveCfg = Debug|Any CPU
		{774DB8E0-7A47-459C-B054-04DF75AB136F}.Debug|Any CPU.Build.0 = Debug|Any CPU
		{774DB8E0-7A47-459C-B054-04DF75AB136F}.Release|Any CPU.ActiveCfg = Release|Any CPU
		{774DB8E0-7A47-459C-B054-04DF75AB136F}.Release|Any CPU.Build.0 = Release|Any CPU
	EndGlobalSection
	GlobalSection(SolutionProperties) = preSolution
		HideSolutionNode = FALSE
	EndGlobalSection
	GlobalSection(ExtensibilityGlobals) = postSolution
		SolutionGuid = {EED8EC25-8E41-492B-B6E5-EAB99FC9F510}
	EndGlobalSection
EndGlobal
